
Microsoft Visual Studio Solution File, Format Version 10.00
# Visual C++ Express 2008
Project("{8BC9CEB8-8B4A-11D0-8D11-00A0C91BC942}") = "qwfwd", "qwfwd.vcproj", "{11E3F0BB-FD3B-4F4F-A25A-C8A8C2FB2C15}"
EndProject
Global
	GlobalSection(SolutionConfigurationPlatforms) = preSolution
		Debug|Win32 = Debug|Win32
		Debug-dll|Win32 = Debug-dll|Win32
		Release|Win32 = Release|Win32
		Release-dll|Win32 = Release-dll|Win32
	EndGlobalSection
	GlobalSection(ProjectConfigurationPlatforms) = postSolution
		{11E3F0BB-FD3B-4F4F-A25A-C8A8C2FB2C15}.Debug|Win32.ActiveCfg = Debug|Win32
		{11E3F0BB-FD3B-4F4F-A25A-C8A8C2FB2C15}.Debug|Win32.Build.0 = Debug|Win32
		{11E3F0BB-FD3B-4F4F-A25A-C8A8C2FB2C15}.Debug-dll|Win32.ActiveCfg = Debug-dll|Win32
		{11E3F0BB-FD3B-4F4F-A25A-C8A8C2FB2C15}.Debug-dll|Win32.Build.0 = Debug-dll|Win32
		{11E3F0BB-FD3B-4F4F-A25A-C8A8C2FB2C15}.Release|Win32.ActiveCfg = Release|Win32
		{11E3F0BB-FD3B-4F4F-A25A-C8A8C2FB2C15}.Release|Win32.Build.0 = Release|Win32
		{11E3F0BB-FD3B-4F4F-A25A-C8A8C2FB2C15}.Release-dll|Win32.ActiveCfg = Release-dll|Win32
		{11E3F0BB-FD3B-4F4F-A25A-C8A8C2FB2C15}.Release-dll|Win32.Build.0 = Release-dll|Win32
	EndGlobalSection
	GlobalSection(SolutionProperties) = preSolution
		HideSolutionNode = FALSE
	EndGlobalSection
EndGlobal
