Microsoft Visual Studio Solution File, Format Version 7.00
Project("{8BC9CEB8-8B4A-11D0-8D11-00A0C91BC942}") = "qwcl", "qwcl.vcproj", "{B51763DE-22DE-4C63-AEC9-15B473E645F5}"
EndProject
Project("{059D6162-CD51-11D0-AE1F-00A0C90FFFC3}") = "qwdtools", "qwdtools\qwdtools.dsp", "{174E531B-45EC-49DC-A29E-EF2C19301B70}"
EndProject
Project("{8BC9CEB8-8B4A-11D0-8D11-00A0C91BC942}") = "qwsv", "qwsv.vcproj", "{A321250A-D3F0-42F7-A283-A0F7770FFC9B}"
EndProject
Global
	GlobalSection(SolutionConfiguration) = preSolution
		ConfigName.0 = Debug
		ConfigName.1 = GLDebug
		ConfigName.2 = GLRelease
		ConfigName.3 = Release
	EndGlobalSection
	GlobalSection(ProjectDependencies) = postSolution
	EndGlobalSection
	GlobalSection(ProjectConfiguration) = postSolution
		{B51763DE-22DE-4C63-AEC9-15B473E645F5}.Debug.ActiveCfg = Debug|Win32
		{B51763DE-22DE-4C63-AEC9-15B473E645F5}.Debug.Build.0 = Debug|Win32
		{B51763DE-22DE-4C63-AEC9-15B473E645F5}.GLDebug.ActiveCfg = GLDebug|Win32
		{B51763DE-22DE-4C63-AEC9-15B473E645F5}.GLDebug.Build.0 = GLDebug|Win32
		{B51763DE-22DE-4C63-AEC9-15B473E645F5}.GLRelease.ActiveCfg = GLRelease|Win32
		{B51763DE-22DE-4C63-AEC9-15B473E645F5}.GLRelease.Build.0 = GLRelease|Win32
		{B51763DE-22DE-4C63-AEC9-15B473E645F5}.Release.ActiveCfg = Release|Win32
		{B51763DE-22DE-4C63-AEC9-15B473E645F5}.Release.Build.0 = Release|Win32
		{A321250A-D3F0-42F7-A283-A0F7770FFC9B}.Debug.ActiveCfg = Debug|Win32
		{A321250A-D3F0-42F7-A283-A0F7770FFC9B}.Debug.Build.0 = Debug|Win32
		{A321250A-D3F0-42F7-A283-A0F7770FFC9B}.GLDebug.ActiveCfg = Debug|Win32
		{A321250A-D3F0-42F7-A283-A0F7770FFC9B}.GLDebug.Build.0 = Debug|Win32
		{A321250A-D3F0-42F7-A283-A0F7770FFC9B}.GLRelease.ActiveCfg = Release|Win32
		{A321250A-D3F0-42F7-A283-A0F7770FFC9B}.GLRelease.Build.0 = Release|Win32
		{A321250A-D3F0-42F7-A283-A0F7770FFC9B}.Release.ActiveCfg = Release|Win32
		{A321250A-D3F0-42F7-A283-A0F7770FFC9B}.Release.Build.0 = Release|Win32
	EndGlobalSection
	GlobalSection(ExtensibilityGlobals) = postSolution
	EndGlobalSection
	GlobalSection(ExtensibilityAddIns) = postSolution
	EndGlobalSection
EndGlobal
